
Microsoft Visual Studio Solution File, Format Version 12.00
# Visual Studio Version 17
VisualStudioVersion = 17.11.35327.3
MinimumVisualStudioVersion = 10.0.40219.1
Project("{FAE04EC0-301F-11D3-BF4B-00C04F79EFBC}") = "графиквалюта", "графиквалюта\графиквалюта.csproj", "{1D1D55AB-781C-4DBC-B0F0-3C7E78970E7C}"
EndProject
Global
	GlobalSection(SolutionConfigurationPlatforms) = preSolution
		Debug|Any CPU = Debug|Any CPU
		Release|Any CPU = Release|Any CPU
	EndGlobalSection
	GlobalSection(ProjectConfigurationPlatforms) = postSolution
		{1D1D55AB-781C-4DBC-B0F0-3C7E78970E7C}.Debug|Any CPU.ActiveCfg = Debug|Any CPU
		{1D1D55AB-781C-4DBC-B0F0-3C7E78970E7C}.Debug|Any CPU.Build.0 = Debug|Any CPU
		{1D1D55AB-781C-4DBC-B0F0-3C7E78970E7C}.Release|Any CPU.ActiveCfg = Release|Any CPU
		{1D1D55AB-781C-4DBC-B0F0-3C7E78970E7C}.Release|Any CPU.Build.0 = Release|Any CPU
	EndGlobalSection
	GlobalSection(SolutionProperties) = preSolution
		HideSolutionNode = FALSE
	EndGlobalSection
	GlobalSection(ExtensibilityGlobals) = postSolution
		SolutionGuid = {A0901B26-38A0-4105-9C68-69BE6D719D1E}
	EndGlobalSection
EndGlobal
